
Microsoft Visual Studio Solution File, Format Version 12.00
# Visual Studio Version 16
VisualStudioVersion = 16.0.31229.75
MinimumVisualStudioVersion = 10.0.40219.1
Project("{9A19103F-16F7-4668-BE54-9A1E7A4F7556}") = "CommonBase", "CommonBase\CommonBase.csproj", "{0E18473E-1A2E-41CA-9799-B294DC69D5A5}"
EndProject
Project("{9A19103F-16F7-4668-BE54-9A1E7A4F7556}") = "EventManager.Contracts", "EventManager.Contracts\EventManager.Contracts.csproj", "{F3E1FC9A-9DD1-4D1F-A8DF-4BEEB8D036A7}"
EndProject
Project("{9A19103F-16F7-4668-BE54-9A1E7A4F7556}") = "EventManager.Logic", "EventManager.Logic\EventManager.Logic.csproj", "{4B52B4AD-A1B5-4A32-9328-FA37E27EBC07}"
EndProject
Project("{9A19103F-16F7-4668-BE54-9A1E7A4F7556}") = "EventManager.Transfer", "EventManager.Transfer\EventManager.Transfer.csproj", "{FA5CA524-0DCD-4426-8013-C8A3DEAA1D7D}"
EndProject
Project("{9A19103F-16F7-4668-BE54-9A1E7A4F7556}") = "EventManager.WebApi", "EventManager.WebApi\EventManager.WebApi.csproj", "{DFB28BAB-95AA-42A8-9D3C-950628B3672D}"
EndProject
Project("{9A19103F-16F7-4668-BE54-9A1E7A4F7556}") = "EventManager.AspMvc", "EventManager.AspMvc\EventManager.AspMvc.csproj", "{79742513-4AAB-4BF0-B57A-9F27204537BE}"
EndProject
Project("{FAE04EC0-301F-11D3-BF4B-00C04F79EFBC}") = "EventManager.Logic.UnitTests", "EventManager.Logic.UnitTests\EventManager.Logic.UnitTests.csproj", "{572609B6-BFFE-4468-890D-235B3D08B771}"
EndProject
Global
	GlobalSection(SolutionConfigurationPlatforms) = preSolution
		Debug|Any CPU = Debug|Any CPU
		Release|Any CPU = Release|Any CPU
	EndGlobalSection
	GlobalSection(ProjectConfigurationPlatforms) = postSolution
		{0E18473E-1A2E-41CA-9799-B294DC69D5A5}.Debug|Any CPU.ActiveCfg = Debug|Any CPU
		{0E18473E-1A2E-41CA-9799-B294DC69D5A5}.Debug|Any CPU.Build.0 = Debug|Any CPU
		{0E18473E-1A2E-41CA-9799-B294DC69D5A5}.Release|Any CPU.ActiveCfg = Release|Any CPU
		{0E18473E-1A2E-41CA-9799-B294DC69D5A5}.Release|Any CPU.Build.0 = Release|Any CPU
		{F3E1FC9A-9DD1-4D1F-A8DF-4BEEB8D036A7}.Debug|Any CPU.ActiveCfg = Debug|Any CPU
		{F3E1FC9A-9DD1-4D1F-A8DF-4BEEB8D036A7}.Debug|Any CPU.Build.0 = Debug|Any CPU
		{F3E1FC9A-9DD1-4D1F-A8DF-4BEEB8D036A7}.Release|Any CPU.ActiveCfg = Release|Any CPU
		{F3E1FC9A-9DD1-4D1F-A8DF-4BEEB8D036A7}.Release|Any CPU.Build.0 = Release|Any CPU
		{4B52B4AD-A1B5-4A32-9328-FA37E27EBC07}.Debug|Any CPU.ActiveCfg = Debug|Any CPU
		{4B52B4AD-A1B5-4A32-9328-FA37E27EBC07}.Debug|Any CPU.Build.0 = Debug|Any CPU
		{4B52B4AD-A1B5-4A32-9328-FA37E27EBC07}.Release|Any CPU.ActiveCfg = Release|Any CPU
		{4B52B4AD-A1B5-4A32-9328-FA37E27EBC07}.Release|Any CPU.Build.0 = Release|Any CPU
		{FA5CA524-0DCD-4426-8013-C8A3DEAA1D7D}.Debug|Any CPU.ActiveCfg = Debug|Any CPU
		{FA5CA524-0DCD-4426-8013-C8A3DEAA1D7D}.Debug|Any CPU.Build.0 = Debug|Any CPU
		{FA5CA524-0DCD-4426-8013-C8A3DEAA1D7D}.Release|Any CPU.ActiveCfg = Release|Any CPU
		{FA5CA524-0DCD-4426-8013-C8A3DEAA1D7D}.Release|Any CPU.Build.0 = Release|Any CPU
		{DFB28BAB-95AA-42A8-9D3C-950628B3672D}.Debug|Any CPU.ActiveCfg = Debug|Any CPU
		{DFB28BAB-95AA-42A8-9D3C-950628B3672D}.Debug|Any CPU.Build.0 = Debug|Any CPU
		{DFB28BAB-95AA-42A8-9D3C-950628B3672D}.Release|Any CPU.ActiveCfg = Release|Any CPU
		{DFB28BAB-95AA-42A8-9D3C-950628B3672D}.Release|Any CPU.Build.0 = Release|Any CPU
		{79742513-4AAB-4BF0-B57A-9F27204537BE}.Debug|Any CPU.ActiveCfg = Debug|Any CPU
		{79742513-4AAB-4BF0-B57A-9F27204537BE}.Debug|Any CPU.Build.0 = Debug|Any CPU
		{79742513-4AAB-4BF0-B57A-9F27204537BE}.Release|Any CPU.ActiveCfg = Release|Any CPU
		{79742513-4AAB-4BF0-B57A-9F27204537BE}.Release|Any CPU.Build.0 = Release|Any CPU
		{572609B6-BFFE-4468-890D-235B3D08B771}.Debug|Any CPU.ActiveCfg = Debug|Any CPU
		{572609B6-BFFE-4468-890D-235B3D08B771}.Debug|Any CPU.Build.0 = Debug|Any CPU
		{572609B6-BFFE-4468-890D-235B3D08B771}.Release|Any CPU.ActiveCfg = Release|Any CPU
		{572609B6-BFFE-4468-890D-235B3D08B771}.Release|Any CPU.Build.0 = Release|Any CPU
	EndGlobalSection
	GlobalSection(SolutionProperties) = preSolution
		HideSolutionNode = FALSE
	EndGlobalSection
	GlobalSection(ExtensibilityGlobals) = postSolution
		SolutionGuid = {53B5D74D-E132-4268-86CA-BF63FCAA1C7F}
	EndGlobalSection
EndGlobal
